
Microsoft Visual Studio Solution File, Format Version 12.00
# Visual Studio 15
Project("{FAE04EC0-301F-11D3-BF4B-00C04F79EFBC}") = "Assembly-CSharp", "Assembly-CSharp.csproj", "{FA328BBD-B798-4854-C54F-D8119A2987F2}"
EndProject
Project("{FAE04EC0-301F-11D3-BF4B-00C04F79EFBC}") = "Unity.XR.Interaction.Toolkit.Samples.ARStarterAssets", "Unity.XR.Interaction.Toolkit.Samples.ARStarterAssets.csproj", "{72180987-5A85-80D6-4D04-4C78378E4680}"
EndProject
Project("{FAE04EC0-301F-11D3-BF4B-00C04F79EFBC}") = "Assembly-CSharp-Editor", "Assembly-CSharp-Editor.csproj", "{3508856D-AD6A-2DC3-2C4B-EE9E4993171E}"
EndProject
Project("{FAE04EC0-301F-11D3-BF4B-00C04F79EFBC}") = "Unity.XR.Interaction.Toolkit.Samples.ARStarterAssets.Editor", "Unity.XR.Interaction.Toolkit.Samples.ARStarterAssets.Editor.csproj", "{3F7291A7-8D58-FB81-8119-7C00790F0E49}"
EndProject
Project("{FAE04EC0-301F-11D3-BF4B-00C04F79EFBC}") = "Unity.XR.Interaction.Toolkit.Samples.StarterAssets", "Unity.XR.Interaction.Toolkit.Samples.StarterAssets.csproj", "{DE2D4C9B-5FAB-DC5B-D9BA-313D8717E2A1}"
EndProject
Global
	GlobalSection(SolutionConfigurationPlatforms) = preSolution
		Debug|Any CPU = Debug|Any CPU
		Release|Any CPU = Release|Any CPU
	EndGlobalSection
	GlobalSection(ProjectConfigurationPlatforms) = postSolution
		{FA328BBD-B798-4854-C54F-D8119A2987F2}.Debug|Any CPU.ActiveCfg = Debug|Any CPU
		{FA328BBD-B798-4854-C54F-D8119A2987F2}.Debug|Any CPU.Build.0 = Debug|Any CPU
		{FA328BBD-B798-4854-C54F-D8119A2987F2}.Release|Any CPU.ActiveCfg = Release|Any CPU
		{FA328BBD-B798-4854-C54F-D8119A2987F2}.Release|Any CPU.Build.0 = Release|Any CPU
		{72180987-5A85-80D6-4D04-4C78378E4680}.Debug|Any CPU.ActiveCfg = Debug|Any CPU
		{72180987-5A85-80D6-4D04-4C78378E4680}.Debug|Any CPU.Build.0 = Debug|Any CPU
		{72180987-5A85-80D6-4D04-4C78378E4680}.Release|Any CPU.ActiveCfg = Release|Any CPU
		{72180987-5A85-80D6-4D04-4C78378E4680}.Release|Any CPU.Build.0 = Release|Any CPU
		{3508856D-AD6A-2DC3-2C4B-EE9E4993171E}.Debug|Any CPU.ActiveCfg = Debug|Any CPU
		{3508856D-AD6A-2DC3-2C4B-EE9E4993171E}.Debug|Any CPU.Build.0 = Debug|Any CPU
		{3508856D-AD6A-2DC3-2C4B-EE9E4993171E}.Release|Any CPU.ActiveCfg = Release|Any CPU
		{3508856D-AD6A-2DC3-2C4B-EE9E4993171E}.Release|Any CPU.Build.0 = Release|Any CPU
		{3F7291A7-8D58-FB81-8119-7C00790F0E49}.Debug|Any CPU.ActiveCfg = Debug|Any CPU
		{3F7291A7-8D58-FB81-8119-7C00790F0E49}.Debug|Any CPU.Build.0 = Debug|Any CPU
		{3F7291A7-8D58-FB81-8119-7C00790F0E49}.Release|Any CPU.ActiveCfg = Release|Any CPU
		{3F7291A7-8D58-FB81-8119-7C00790F0E49}.Release|Any CPU.Build.0 = Release|Any CPU
		{DE2D4C9B-5FAB-DC5B-D9BA-313D8717E2A1}.Debug|Any CPU.ActiveCfg = Debug|Any CPU
		{DE2D4C9B-5FAB-DC5B-D9BA-313D8717E2A1}.Debug|Any CPU.Build.0 = Debug|Any CPU
		{DE2D4C9B-5FAB-DC5B-D9BA-313D8717E2A1}.Release|Any CPU.ActiveCfg = Release|Any CPU
		{DE2D4C9B-5FAB-DC5B-D9BA-313D8717E2A1}.Release|Any CPU.Build.0 = Release|Any CPU
	EndGlobalSection
	GlobalSection(SolutionProperties) = preSolution
		HideSolutionNode = FALSE
	EndGlobalSection
EndGlobal
